// !$*UTF8*$!
{
	archiveVersion = 1;
	classes = {
	};
	objectVersion = 56;
	objects = {

/* Begin PBXBuildFile section */
		049850662C09F6BF00F2E137 /* AppDelegate.swift in Sources */ = {isa = PBXBuildFile; fileRef = 049850652C09F6BF00F2E137 /* AppDelegate.swift */; };
		049850682C09F6BF00F2E137 /* SceneDelegate.swift in Sources */ = {isa = PBXBuildFile; fileRef = 049850672C09F6BF00F2E137 /* SceneDelegate.swift */; };
		0498506A2C09F6BF00F2E137 /* ViewController.swift in Sources */ = {isa = PBXBuildFile; fileRef = 049850692C09F6BF00F2E137 /* ViewController.swift */; };
		0498506D2C09F6BF00F2E137 /* Main.storyboard in Resources */ = {isa = PBXBuildFile; fileRef = 0498506B2C09F6BF00F2E137 /* Main.storyboard */; };
		0498506F2C09F6C100F2E137 /* Assets.xcassets in Resources */ = {isa = PBXBuildFile; fileRef = 0498506E2C09F6C100F2E137 /* Assets.xcassets */; };
		049850722C09F6C100F2E137 /* LaunchScreen.storyboard in Resources */ = {isa = PBXBuildFile; fileRef = 049850702C09F6C100F2E137 /* LaunchScreen.storyboard */; };
		0498507E2C09F76900F2E137 /* Remote.swift in Sources */ = {isa = PBXBuildFile; fileRef = 0498507D2C09F76900F2E137 /* Remote.swift */; };
		049850802C09F77400F2E137 /* Local.swift in Sources */ = {isa = PBXBuildFile; fileRef = 0498507F2C09F77400F2E137 /* Local.swift */; };
		049850832C09F78800F2E137 /* Models.swift in Sources */ = {isa = PBXBuildFile; fileRef = 049850822C09F78800F2E137 /* Models.swift */; };
/* End PBXBuildFile section */

/* Begin PBXFileReference section */
		049850622C09F6BF00F2E137 /* SwiftCart Admin.app */ = {isa = PBXFileReference; explicitFileType = wrapper.application; includeInIndex = 0; path = "SwiftCart Admin.app"; sourceTree = BUILT_PRODUCTS_DIR; };
		049850652C09F6BF00F2E137 /* AppDelegate.swift */ = {isa = PBXFileReference; lastKnownFileType = sourcecode.swift; path = AppDelegate.swift; sourceTree = "<group>"; };
		049850672C09F6BF00F2E137 /* SceneDelegate.swift */ = {isa = PBXFileReference; lastKnownFileType = sourcecode.swift; path = SceneDelegate.swift; sourceTree = "<group>"; };
		049850692C09F6BF00F2E137 /* ViewController.swift */ = {isa = PBXFileReference; lastKnownFileType = sourcecode.swift; path = ViewController.swift; sourceTree = "<group>"; };
		0498506C2C09F6BF00F2E137 /* Base */ = {isa = PBXFileReference; lastKnownFileType = file.storyboard; name = Base; path = Base.lproj/Main.storyboard; sourceTree = "<group>"; };
		0498506E2C09F6C100F2E137 /* Assets.xcassets */ = {isa = PBXFileReference; lastKnownFileType = folder.assetcatalog; path = Assets.xcassets; sourceTree = "<group>"; };
		049850712C09F6C100F2E137 /* Base */ = {isa = PBXFileReference; lastKnownFileType = file.storyboard; name = Base; path = Base.lproj/LaunchScreen.storyboard; sourceTree = "<group>"; };
		049850732C09F6C100F2E137 /* Info.plist */ = {isa = PBXFileReference; lastKnownFileType = text.plist.xml; path = Info.plist; sourceTree = "<group>"; };
		0498507D2C09F76900F2E137 /* Remote.swift */ = {isa = PBXFileReference; lastKnownFileType = sourcecode.swift; path = Remote.swift; sourceTree = "<group>"; };
		0498507F2C09F77400F2E137 /* Local.swift */ = {isa = PBXFileReference; lastKnownFileType = sourcecode.swift; path = Local.swift; sourceTree = "<group>"; };
		049850822C09F78800F2E137 /* Models.swift */ = {isa = PBXFileReference; lastKnownFileType = sourcecode.swift; path = Models.swift; sourceTree = "<group>"; };
		049850962C09F7F600F2E137 /* View.swift */ = {isa = PBXFileReference; lastKnownFileType = sourcecode.swift; path = View.swift; sourceTree = "<group>"; };
		049850982C09F7F600F2E137 /* Model.swift */ = {isa = PBXFileReference; lastKnownFileType = sourcecode.swift; path = Model.swift; sourceTree = "<group>"; };
		0498509A2C09F7F600F2E137 /* ViewData.swift */ = {isa = PBXFileReference; lastKnownFileType = sourcecode.swift; path = ViewData.swift; sourceTree = "<group>"; };
		0498509C2C09F7F600F2E137 /* ViewController.swift */ = {isa = PBXFileReference; lastKnownFileType = sourcecode.swift; path = ViewController.swift; sourceTree = "<group>"; };
		0498509E2C09F7F600F2E137 /* ViewModel.swift */ = {isa = PBXFileReference; lastKnownFileType = sourcecode.swift; path = ViewModel.swift; sourceTree = "<group>"; };
/* End PBXFileReference section */

/* Begin PBXFrameworksBuildPhase section */
		0498505F2C09F6BF00F2E137 /* Frameworks */ = {
			isa = PBXFrameworksBuildPhase;
			buildActionMask = 2147483647;
			files = (
			);
			runOnlyForDeploymentPostprocessing = 0;
		};
/* End PBXFrameworksBuildPhase section */

/* Begin PBXGroup section */
		049850592C09F6BF00F2E137 = {
			isa = PBXGroup;
			children = (
				049850642C09F6BF00F2E137 /* SwiftCart Admin */,
				049850632C09F6BF00F2E137 /* Products */,
			);
			sourceTree = "<group>";
		};
		049850632C09F6BF00F2E137 /* Products */ = {
			isa = PBXGroup;
			children = (
				049850622C09F6BF00F2E137 /* SwiftCart Admin.app */,
			);
			name = Products;
			sourceTree = "<group>";
		};
		049850642C09F6BF00F2E137 /* SwiftCart Admin */ = {
			isa = PBXGroup;
			children = (
				049850842C09F7A000F2E137 /* Scenes */,
				049850792C09F72800F2E137 /* Model */,
				049850652C09F6BF00F2E137 /* AppDelegate.swift */,
				049850672C09F6BF00F2E137 /* SceneDelegate.swift */,
				049850692C09F6BF00F2E137 /* ViewController.swift */,
				0498506E2C09F6C100F2E137 /* Assets.xcassets */,
				049850732C09F6C100F2E137 /* Info.plist */,
			);
			path = "SwiftCart Admin";
			sourceTree = "<group>";
		};
		049850792C09F72800F2E137 /* Model */ = {
			isa = PBXGroup;
			children = (
				0498507A2C09F73F00F2E137 /* Services */,
				049850812C09F77C00F2E137 /* Models */,
			);
			path = Model;
			sourceTree = "<group>";
		};
		0498507A2C09F73F00F2E137 /* Services */ = {
			isa = PBXGroup;
			children = (
				0498507C2C09F75400F2E137 /* Remote */,
				0498507B2C09F74C00F2E137 /* Local */,
			);
			path = Services;
			sourceTree = "<group>";
		};
		0498507B2C09F74C00F2E137 /* Local */ = {
			isa = PBXGroup;
			children = (
				0498507F2C09F77400F2E137 /* Local.swift */,
			);
			path = Local;
			sourceTree = "<group>";
		};
		0498507C2C09F75400F2E137 /* Remote */ = {
			isa = PBXGroup;
			children = (
				0498507D2C09F76900F2E137 /* Remote.swift */,
			);
			path = Remote;
			sourceTree = "<group>";
		};
		049850812C09F77C00F2E137 /* Models */ = {
			isa = PBXGroup;
			children = (
				049850822C09F78800F2E137 /* Models.swift */,
			);
			path = Models;
			sourceTree = "<group>";
		};
		049850842C09F7A000F2E137 /* Scenes */ = {
			isa = PBXGroup;
			children = (
				0498506B2C09F6BF00F2E137 /* Main.storyboard */,
				049850702C09F6C100F2E137 /* LaunchScreen.storyboard */,
				049850852C09F7B500F2E137 /* Temp */,
			);
			path = Scenes;
			sourceTree = "<group>";
		};
		049850852C09F7B500F2E137 /* Temp */ = {
			isa = PBXGroup;
			children = (
				049850972C09F7F600F2E137 /* Models */,
				0498509B2C09F7F600F2E137 /* ViewControllers */,
				049850992C09F7F600F2E137 /* ViewDatas */,
				0498509D2C09F7F600F2E137 /* ViewModels */,
				049850952C09F7F600F2E137 /* Views */,
			);
			path = Temp;
			sourceTree = "<group>";
		};
		049850952C09F7F600F2E137 /* Views */ = {
			isa = PBXGroup;
			children = (
				049850962C09F7F600F2E137 /* View.swift */,
			);
			path = Views;
			sourceTree = "<group>";
		};
		049850972C09F7F600F2E137 /* Models */ = {
			isa = PBXGroup;
			children = (
				049850982C09F7F600F2E137 /* Model.swift */,
			);
			path = Models;
			sourceTree = "<group>";
		};
		049850992C09F7F600F2E137 /* ViewDatas */ = {
			isa = PBXGroup;
			children = (
				0498509A2C09F7F600F2E137 /* ViewData.swift */,
			);
			path = ViewDatas;
			sourceTree = "<group>";
		};
		0498509B2C09F7F600F2E137 /* ViewControllers */ = {
			isa = PBXGroup;
			children = (
				0498509C2C09F7F600F2E137 /* ViewController.swift */,
			);
			path = ViewControllers;
			sourceTree = "<group>";
		};
		0498509D2C09F7F600F2E137 /* ViewModels */ = {
			isa = PBXGroup;
			children = (
				0498509E2C09F7F600F2E137 /* ViewModel.swift */,
			);
			path = ViewModels;
			sourceTree = "<group>";
		};
/* End PBXGroup section */

/* Begin PBXNativeTarget section */
		049850612C09F6BF00F2E137 /* SwiftCart Admin */ = {
			isa = PBXNativeTarget;
			buildConfigurationList = 049850762C09F6C100F2E137 /* Build configuration list for PBXNativeTarget "SwiftCart Admin" */;
			buildPhases = (
				0498505E2C09F6BF00F2E137 /* Sources */,
				0498505F2C09F6BF00F2E137 /* Frameworks */,
				049850602C09F6BF00F2E137 /* Resources */,
			);
			buildRules = (
			);
			dependencies = (
			);
			name = "SwiftCart Admin";
			productName = "SwiftCart Admin";
			productReference = 049850622C09F6BF00F2E137 /* SwiftCart Admin.app */;
			productType = "com.apple.product-type.application";
		};
/* End PBXNativeTarget section */

/* Begin PBXProject section */
		0498505A2C09F6BF00F2E137 /* Project object */ = {
			isa = PBXProject;
			attributes = {
				BuildIndependentTargetsInParallel = 1;
				LastSwiftUpdateCheck = 1520;
				LastUpgradeCheck = 1520;
				TargetAttributes = {
					049850612C09F6BF00F2E137 = {
						CreatedOnToolsVersion = 15.2;
					};
				};
			};
			buildConfigurationList = 0498505D2C09F6BF00F2E137 /* Build configuration list for PBXProject "SwiftCart Admin" */;
			compatibilityVersion = "Xcode 14.0";
			developmentRegion = en;
			hasScannedForEncodings = 0;
			knownRegions = (
				en,
				Base,
			);
			mainGroup = 049850592C09F6BF00F2E137;
			productRefGroup = 049850632C09F6BF00F2E137 /* Products */;
			projectDirPath = "";
			projectRoot = "";
			targets = (
				049850612C09F6BF00F2E137 /* SwiftCart Admin */,
			);
		};
/* End PBXProject section */

/* Begin PBXResourcesBuildPhase section */
		049850602C09F6BF00F2E137 /* Resources */ = {
			isa = PBXResourcesBuildPhase;
			buildActionMask = 2147483647;
			files = (
				049850722C09F6C100F2E137 /* LaunchScreen.storyboard in Resources */,
				0498506F2C09F6C100F2E137 /* Assets.xcassets in Resources */,
				0498506D2C09F6BF00F2E137 /* Main.storyboard in Resources */,
			);
			runOnlyForDeploymentPostprocessing = 0;
		};
/* End PBXResourcesBuildPhase section */

/* Begin PBXSourcesBuildPhase section */
		0498505E2C09F6BF00F2E137 /* Sources */ = {
			isa = PBXSourcesBuildPhase;
			buildActionMask = 2147483647;
			files = (
				0498506A2C09F6BF00F2E137 /* ViewController.swift in Sources */,
				049850802C09F77400F2E137 /* Local.swift in Sources */,
				049850662C09F6BF00F2E137 /* AppDelegate.swift in Sources */,
				049850832C09F78800F2E137 /* Models.swift in Sources */,
				049850682C09F6BF00F2E137 /* SceneDelegate.swift in Sources */,
				0498507E2C09F76900F2E137 /* Remote.swift in Sources */,
			);
			runOnlyForDeploymentPostprocessing = 0;
		};
/* End PBXSourcesBuildPhase section */

/* Begin PBXVariantGroup section */
		0498506B2C09F6BF00F2E137 /* Main.storyboard */ = {
			isa = PBXVariantGroup;
			children = (
				0498506C2C09F6BF00F2E137 /* Base */,
			);
			name = Main.storyboard;
			sourceTree = "<group>";
		};
		049850702C09F6C100F2E137 /* LaunchScreen.storyboard */ = {
			isa = PBXVariantGroup;
			children = (
				049850712C09F6C100F2E137 /* Base */,
			);
			name = LaunchScreen.storyboard;
			sourceTree = "<group>";
		};
/* End PBXVariantGroup section */

/* Begin XCBuildConfiguration section */
		049850742C09F6C100F2E137 /* Debug */ = {
			isa = XCBuildConfiguration;
			buildSettings = {
				ALWAYS_SEARCH_USER_PATHS = NO;
				ASSETCATALOG_COMPILER_GENERATE_SWIFT_ASSET_SYMBOL_EXTENSIONS = YES;
				CLANG_ANALYZER_NONNULL = YES;
				CLANG_ANALYZER_NUMBER_OBJECT_CONVERSION = YES_AGGRESSIVE;
				CLANG_CXX_LANGUAGE_STANDARD = "gnu++20";
				CLANG_ENABLE_MODULES = YES;
				CLANG_ENABLE_OBJC_ARC = YES;
				CLANG_ENABLE_OBJC_WEAK = YES;
				CLANG_WARN_BLOCK_CAPTURE_AUTORELEASING = YES;
				CLANG_WARN_BOOL_CONVERSION = YES;
				CLANG_WARN_COMMA = YES;
				CLANG_WARN_CONSTANT_CONVERSION = YES;
				CLANG_WARN_DEPRECATED_OBJC_IMPLEMENTATIONS = YES;
				CLANG_WARN_DIRECT_OBJC_ISA_USAGE = YES_ERROR;
				CLANG_WARN_DOCUMENTATION_COMMENTS = YES;
				CLANG_WARN_EMPTY_BODY = YES;
				CLANG_WARN_ENUM_CONVERSION = YES;
				CLANG_WARN_INFINITE_RECURSION = YES;
				CLANG_WARN_INT_CONVERSION = YES;
				CLANG_WARN_NON_LITERAL_NULL_CONVERSION = YES;
				CLANG_WARN_OBJC_IMPLICIT_RETAIN_SELF = YES;
				CLANG_WARN_OBJC_LITERAL_CONVERSION = YES;
				CLANG_WARN_OBJC_ROOT_CLASS = YES_ERROR;
				CLANG_WARN_QUOTED_INCLUDE_IN_FRAMEWORK_HEADER = YES;
				CLANG_WARN_RANGE_LOOP_ANALYSIS = YES;
				CLANG_WARN_STRICT_PROTOTYPES = YES;
				CLANG_WARN_SUSPICIOUS_MOVE = YES;
				CLANG_WARN_UNGUARDED_AVAILABILITY = YES_AGGRESSIVE;
				CLANG_WARN_UNREACHABLE_CODE = YES;
				CLANG_WARN__DUPLICATE_METHOD_MATCH = YES;
				COPY_PHASE_STRIP = NO;
				DEBUG_INFORMATION_FORMAT = dwarf;
				ENABLE_STRICT_OBJC_MSGSEND = YES;
				ENABLE_TESTABILITY = YES;
				ENABLE_USER_SCRIPT_SANDBOXING = YES;
				GCC_C_LANGUAGE_STANDARD = gnu17;
				GCC_DYNAMIC_NO_PIC = NO;
				GCC_NO_COMMON_BLOCKS = YES;
				GCC_OPTIMIZATION_LEVEL = 0;
				GCC_PREPROCESSOR_DEFINITIONS = (
					"DEBUG=1",
					"$(inherited)",
				);
				GCC_WARN_64_TO_32_BIT_CONVERSION = YES;
				GCC_WARN_ABOUT_RETURN_TYPE = YES_ERROR;
				GCC_WARN_UNDECLARED_SELECTOR = YES;
				GCC_WARN_UNINITIALIZED_AUTOS = YES_AGGRESSIVE;
				GCC_WARN_UNUSED_FUNCTION = YES;
				GCC_WARN_UNUSED_VARIABLE = YES;
				IPHONEOS_DEPLOYMENT_TARGET = 17.2;
				LOCALIZATION_PREFERS_STRING_CATALOGS = YES;
				MTL_ENABLE_DEBUG_INFO = INCLUDE_SOURCE;
				MTL_FAST_MATH = YES;
				ONLY_ACTIVE_ARCH = YES;
				SDKROOT = iphoneos;
				SWIFT_ACTIVE_COMPILATION_CONDITIONS = "DEBUG $(inherited)";
				SWIFT_OPTIMIZATION_LEVEL = "-Onone";
			};
			name = Debug;
		};
		049850752C09F6C100F2E137 /* Release */ = {
			isa = XCBuildConfiguration;
			buildSettings = {
				ALWAYS_SEARCH_USER_PATHS = NO;
				ASSETCATALOG_COMPILER_GENERATE_SWIFT_ASSET_SYMBOL_EXTENSIONS = YES;
				CLANG_ANALYZER_NONNULL = YES;
				CLANG_ANALYZER_NUMBER_OBJECT_CONVERSION = YES_AGGRESSIVE;
				CLANG_CXX_LANGUAGE_STANDARD = "gnu++20";
				CLANG_ENABLE_MODULES = YES;
				CLANG_ENABLE_OBJC_ARC = YES;
				CLANG_ENABLE_OBJC_WEAK = YES;
				CLANG_WARN_BLOCK_CAPTURE_AUTORELEASING = YES;
				CLANG_WARN_BOOL_CONVERSION = YES;
				CLANG_WARN_COMMA = YES;
				CLANG_WARN_CONSTANT_CONVERSION = YES;
				CLANG_WARN_DEPRECATED_OBJC_IMPLEMENTATIONS = YES;
				CLANG_WARN_DIRECT_OBJC_ISA_USAGE = YES_ERROR;
				CLANG_WARN_DOCUMENTATION_COMMENTS = YES;
				CLANG_WARN_EMPTY_BODY = YES;
				CLANG_WARN_ENUM_CONVERSION = YES;
				CLANG_WARN_INFINITE_RECURSION = YES;
				CLANG_WARN_INT_CONVERSION = YES;
				CLANG_WARN_NON_LITERAL_NULL_CONVERSION = YES;
				CLANG_WARN_OBJC_IMPLICIT_RETAIN_SELF = YES;
				CLANG_WARN_OBJC_LITERAL_CONVERSION = YES;
				CLANG_WARN_OBJC_ROOT_CLASS = YES_ERROR;
				CLANG_WARN_QUOTED_INCLUDE_IN_FRAMEWORK_HEADER = YES;
				CLANG_WARN_RANGE_LOOP_ANALYSIS = YES;
				CLANG_WARN_STRICT_PROTOTYPES = YES;
				CLANG_WARN_SUSPICIOUS_MOVE = YES;
				CLANG_WARN_UNGUARDED_AVAILABILITY = YES_AGGRESSIVE;
				CLANG_WARN_UNREACHABLE_CODE = YES;
				CLANG_WARN__DUPLICATE_METHOD_MATCH = YES;
				COPY_PHASE_STRIP = NO;
				DEBUG_INFORMATION_FORMAT = "dwarf-with-dsym";
				ENABLE_NS_ASSERTIONS = NO;
				ENABLE_STRICT_OBJC_MSGSEND = YES;
				ENABLE_USER_SCRIPT_SANDBOXING = YES;
				GCC_C_LANGUAGE_STANDARD = gnu17;
				GCC_NO_COMMON_BLOCKS = YES;
				GCC_WARN_64_TO_32_BIT_CONVERSION = YES;
				GCC_WARN_ABOUT_RETURN_TYPE = YES_ERROR;
				GCC_WARN_UNDECLARED_SELECTOR = YES;
				GCC_WARN_UNINITIALIZED_AUTOS = YES_AGGRESSIVE;
				GCC_WARN_UNUSED_FUNCTION = YES;
				GCC_WARN_UNUSED_VARIABLE = YES;
				IPHONEOS_DEPLOYMENT_TARGET = 17.2;
				LOCALIZATION_PREFERS_STRING_CATALOGS = YES;
				MTL_ENABLE_DEBUG_INFO = NO;
				MTL_FAST_MATH = YES;
				SDKROOT = iphoneos;
				SWIFT_COMPILATION_MODE = wholemodule;
				VALIDATE_PRODUCT = YES;
			};
			name = Release;
		};
		049850772C09F6C100F2E137 /* Debug */ = {
			isa = XCBuildConfiguration;
			buildSettings = {
				ASSETCATALOG_COMPILER_APPICON_NAME = AppIcon;
				ASSETCATALOG_COMPILER_GLOBAL_ACCENT_COLOR_NAME = AccentColor;
				CODE_SIGN_STYLE = Automatic;
				CURRENT_PROJECT_VERSION = 1;
				GENERATE_INFOPLIST_FILE = YES;
				INFOPLIST_FILE = "SwiftCart Admin/Info.plist";
				INFOPLIST_KEY_UIApplicationSupportsIndirectInputEvents = YES;
				INFOPLIST_KEY_UILaunchStoryboardName = LaunchScreen;
				INFOPLIST_KEY_UIMainStoryboardFile = Main;
				INFOPLIST_KEY_UISupportedInterfaceOrientations_iPad = "UIInterfaceOrientationPortrait UIInterfaceOrientationPortraitUpsideDown UIInterfaceOrientationLandscapeLeft UIInterfaceOrientationLandscapeRight";
				INFOPLIST_KEY_UISupportedInterfaceOrientations_iPhone = "UIInterfaceOrientationPortrait UIInterfaceOrientationLandscapeLeft UIInterfaceOrientationLandscapeRight";
				LD_RUNPATH_SEARCH_PATHS = (
					"$(inherited)",
					"@executable_path/Frameworks",
				);
				MARKETING_VERSION = 1.0;
				PRODUCT_BUNDLE_IDENTIFIER = "iTi.SwiftCart-Admin";
				PRODUCT_NAME = "$(TARGET_NAME)";
				SWIFT_EMIT_LOC_STRINGS = YES;
				SWIFT_VERSION = 5.0;
				TARGETED_DEVICE_FAMILY = "1,2";
			};
			name = Debug;
		};
		049850782C09F6C100F2E137 /* Release */ = {
			isa = XCBuildConfiguration;
			buildSettings = {
				ASSETCATALOG_COMPILER_APPICON_NAME = AppIcon;
				ASSETCATALOG_COMPILER_GLOBAL_ACCENT_COLOR_NAME = AccentColor;
				CODE_SIGN_STYLE = Automatic;
				CURRENT_PROJECT_VERSION = 1;
				GENERATE_INFOPLIST_FILE = YES;
				INFOPLIST_FILE = "SwiftCart Admin/Info.plist";
				INFOPLIST_KEY_UIApplicationSupportsIndirectInputEvents = YES;
				INFOPLIST_KEY_UILaunchStoryboardName = LaunchScreen;
				INFOPLIST_KEY_UIMainStoryboardFile = Main;
				INFOPLIST_KEY_UISupportedInterfaceOrientations_iPad = "UIInterfaceOrientationPortrait UIInterfaceOrientationPortraitUpsideDown UIInterfaceOrientationLandscapeLeft UIInterfaceOrientationLandscapeRight";
				INFOPLIST_KEY_UISupportedInterfaceOrientations_iPhone = "UIInterfaceOrientationPortrait UIInterfaceOrientationLandscapeLeft UIInterfaceOrientationLandscapeRight";
				LD_RUNPATH_SEARCH_PATHS = (
					"$(inherited)",
					"@executable_path/Frameworks",
				);
				MARKETING_VERSION = 1.0;
				PRODUCT_BUNDLE_IDENTIFIER = "iTi.SwiftCart-Admin";
				PRODUCT_NAME = "$(TARGET_NAME)";
				SWIFT_EMIT_LOC_STRINGS = YES;
				SWIFT_VERSION = 5.0;
				TARGETED_DEVICE_FAMILY = "1,2";
			};
			name = Release;
		};
/* End XCBuildConfiguration section */

/* Begin XCConfigurationList section */
		0498505D2C09F6BF00F2E137 /* Build configuration list for PBXProject "SwiftCart Admin" */ = {
			isa = XCConfigurationList;
			buildConfigurations = (
				049850742C09F6C100F2E137 /* Debug */,
				049850752C09F6C100F2E137 /* Release */,
			);
			defaultConfigurationIsVisible = 0;
			defaultConfigurationName = Release;
		};
		049850762C09F6C100F2E137 /* Build configuration list for PBXNativeTarget "SwiftCart Admin" */ = {
			isa = XCConfigurationList;
			buildConfigurations = (
				049850772C09F6C100F2E137 /* Debug */,
				049850782C09F6C100F2E137 /* Release */,
			);
			defaultConfigurationIsVisible = 0;
			defaultConfigurationName = Release;
		};
/* End XCConfigurationList section */
	};
	rootObject = 0498505A2C09F6BF00F2E137 /* Project object */;
}
