// !$*UTF8*$!
{
	archiveVersion = 1;
	classes = {
	};
	objectVersion = 56;
	objects = {

/* Begin PBXBuildFile section */
		04001E612C0F3B1F00FB7030 /* Cosmos in Frameworks */ = {isa = PBXBuildFile; productRef = 04001E602C0F3B1F00FB7030 /* Cosmos */; };
		0420004C2C0A142D00356A03 /* Coordinator.swift in Sources */ = {isa = PBXBuildFile; fileRef = 0420004B2C0A142D00356A03 /* Coordinator.swift */; };
		0420004F2C0A6C7900356A03 /* AppCoordinator.swift in Sources */ = {isa = PBXBuildFile; fileRef = 0420004E2C0A6C7900356A03 /* AppCoordinator.swift */; };
		046C81032C1FE888009EE789 /* TempViewController.swift in Sources */ = {isa = PBXBuildFile; fileRef = 046C81022C1FE888009EE789 /* TempViewController.swift */; };
		047199822C255830001FFFA6 /* PriceRuleModel.swift in Sources */ = {isa = PBXBuildFile; fileRef = 047199812C255830001FFFA6 /* PriceRuleModel.swift */; };
		047199852C26182C001FFFA6 /* ProductViewModel.swift in Sources */ = {isa = PBXBuildFile; fileRef = 047199842C26182C001FFFA6 /* ProductViewModel.swift */; };
		0480C8622C0D369A00629C35 /* HomeViewController.swift in Sources */ = {isa = PBXBuildFile; fileRef = 04D135162C0A78B6001E27E7 /* HomeViewController.swift */; };
		048E8E572C1947040010C039 /* ProductImageCell.swift in Sources */ = {isa = PBXBuildFile; fileRef = 048E8E552C1947040010C039 /* ProductImageCell.swift */; };
		048E8E582C1947040010C039 /* ProductImageCell.xib in Resources */ = {isa = PBXBuildFile; fileRef = 048E8E562C1947040010C039 /* ProductImageCell.xib */; };
		048F25EF2C134F33008C4978 /* HomeCollectionViewCell.swift in Sources */ = {isa = PBXBuildFile; fileRef = 048F25ED2C134F33008C4978 /* HomeCollectionViewCell.swift */; };
		048F25F02C134F33008C4978 /* HomeCollectionViewCell.xib in Resources */ = {isa = PBXBuildFile; fileRef = 048F25EE2C134F33008C4978 /* HomeCollectionViewCell.xib */; };
		048FC06A2C0DB2DA003C293D /* AuthViewController.swift in Sources */ = {isa = PBXBuildFile; fileRef = 049961242C0D721F00466BA3 /* AuthViewController.swift */; };
		048FC06D2C0DB8C4003C293D /* Main.storyboard in Resources */ = {isa = PBXBuildFile; fileRef = 048FC06C2C0DB8C4003C293D /* Main.storyboard */; };
		049850662C09F6BF00F2E137 /* AppDelegate.swift in Sources */ = {isa = PBXBuildFile; fileRef = 049850652C09F6BF00F2E137 /* AppDelegate.swift */; };
		049850682C09F6BF00F2E137 /* SceneDelegate.swift in Sources */ = {isa = PBXBuildFile; fileRef = 049850672C09F6BF00F2E137 /* SceneDelegate.swift */; };
		0498506F2C09F6C100F2E137 /* Assets.xcassets in Resources */ = {isa = PBXBuildFile; fileRef = 0498506E2C09F6C100F2E137 /* Assets.xcassets */; };
		049850722C09F6C100F2E137 /* LaunchScreen.storyboard in Resources */ = {isa = PBXBuildFile; fileRef = 049850702C09F6C100F2E137 /* LaunchScreen.storyboard */; };
		0498507E2C09F76900F2E137 /* RemoteService.swift in Sources */ = {isa = PBXBuildFile; fileRef = 0498507D2C09F76900F2E137 /* RemoteService.swift */; };
		049850832C09F78800F2E137 /* ProductModel.swift in Sources */ = {isa = PBXBuildFile; fileRef = 049850822C09F78800F2E137 /* ProductModel.swift */; };
		04B810BC2C1FF660005188D1 /* AddProductViewController.swift in Sources */ = {isa = PBXBuildFile; fileRef = 04B810BB2C1FF660005188D1 /* AddProductViewController.swift */; };
		04B810C32C21B526005188D1 /* CouponsViewController.swift in Sources */ = {isa = PBXBuildFile; fileRef = 04B810C22C21B526005188D1 /* CouponsViewController.swift */; };
		04B810C62C21B5C0005188D1 /* AddCouponsViewController.swift in Sources */ = {isa = PBXBuildFile; fileRef = 04B810C52C21B5C0005188D1 /* AddCouponsViewController.swift */; };
		04D1350E2C0A77DA001E27E7 /* TempCoordinator.swift in Sources */ = {isa = PBXBuildFile; fileRef = 04D134FB2C0A77D8001E27E7 /* TempCoordinator.swift */; };
		04DAA0BB2C26261D005AF4F0 /* ViewModeling.swift in Sources */ = {isa = PBXBuildFile; fileRef = 04DAA0BA2C26261D005AF4F0 /* ViewModeling.swift */; };
		04DAA0C12C263A71005AF4F0 /* Kingfisher in Frameworks */ = {isa = PBXBuildFile; productRef = 04DAA0C02C263A71005AF4F0 /* Kingfisher */; };
		04DAA0D62C269C26005AF4F0 /* SwiftCart_AdminTests.swift in Sources */ = {isa = PBXBuildFile; fileRef = 04DAA0D52C269C26005AF4F0 /* SwiftCart_AdminTests.swift */; };
		04DF82962C22449A0046C3DD /* RxAlamofire in Frameworks */ = {isa = PBXBuildFile; productRef = 04DF82952C22449A0046C3DD /* RxAlamofire */; };
		04DF82992C226C9C0046C3DD /* IQKeyboardManagerSwift in Frameworks */ = {isa = PBXBuildFile; productRef = 04DF82982C226C9C0046C3DD /* IQKeyboardManagerSwift */; };
		04DF829C2C2317A20046C3DD /* Constants.swift in Sources */ = {isa = PBXBuildFile; fileRef = 04DF829B2C2317A20046C3DD /* Constants.swift */; };
		04DF829E2C2318340046C3DD /* Util.swift in Sources */ = {isa = PBXBuildFile; fileRef = 04DF829D2C2318340046C3DD /* Util.swift */; };
/* End PBXBuildFile section */

/* Begin PBXContainerItemProxy section */
		04DAA0D72C269C26005AF4F0 /* PBXContainerItemProxy */ = {
			isa = PBXContainerItemProxy;
			containerPortal = 0498505A2C09F6BF00F2E137 /* Project object */;
			proxyType = 1;
			remoteGlobalIDString = 049850612C09F6BF00F2E137;
			remoteInfo = "SwiftCart Admin";
		};
/* End PBXContainerItemProxy section */

/* Begin PBXFileReference section */
		0420004B2C0A142D00356A03 /* Coordinator.swift */ = {isa = PBXFileReference; lastKnownFileType = sourcecode.swift; path = Coordinator.swift; sourceTree = "<group>"; };
		0420004E2C0A6C7900356A03 /* AppCoordinator.swift */ = {isa = PBXFileReference; lastKnownFileType = sourcecode.swift; path = AppCoordinator.swift; sourceTree = "<group>"; };
		046C81022C1FE888009EE789 /* TempViewController.swift */ = {isa = PBXFileReference; lastKnownFileType = sourcecode.swift; path = TempViewController.swift; sourceTree = "<group>"; };
		047199812C255830001FFFA6 /* PriceRuleModel.swift */ = {isa = PBXFileReference; lastKnownFileType = sourcecode.swift; path = PriceRuleModel.swift; sourceTree = "<group>"; };
		047199842C26182C001FFFA6 /* ProductViewModel.swift */ = {isa = PBXFileReference; lastKnownFileType = sourcecode.swift; path = ProductViewModel.swift; sourceTree = "<group>"; };
		048E8E552C1947040010C039 /* ProductImageCell.swift */ = {isa = PBXFileReference; lastKnownFileType = sourcecode.swift; path = ProductImageCell.swift; sourceTree = "<group>"; };
		048E8E562C1947040010C039 /* ProductImageCell.xib */ = {isa = PBXFileReference; lastKnownFileType = file.xib; path = ProductImageCell.xib; sourceTree = "<group>"; };
		048F25ED2C134F33008C4978 /* HomeCollectionViewCell.swift */ = {isa = PBXFileReference; lastKnownFileType = sourcecode.swift; path = HomeCollectionViewCell.swift; sourceTree = "<group>"; };
		048F25EE2C134F33008C4978 /* HomeCollectionViewCell.xib */ = {isa = PBXFileReference; lastKnownFileType = file.xib; path = HomeCollectionViewCell.xib; sourceTree = "<group>"; };
		048FC06C2C0DB8C4003C293D /* Main.storyboard */ = {isa = PBXFileReference; fileEncoding = 4; lastKnownFileType = file.storyboard; path = Main.storyboard; sourceTree = "<group>"; };
		049850622C09F6BF00F2E137 /* SwiftCart Admin.app */ = {isa = PBXFileReference; explicitFileType = wrapper.application; includeInIndex = 0; path = "SwiftCart Admin.app"; sourceTree = BUILT_PRODUCTS_DIR; };
		049850652C09F6BF00F2E137 /* AppDelegate.swift */ = {isa = PBXFileReference; lastKnownFileType = sourcecode.swift; path = AppDelegate.swift; sourceTree = "<group>"; };
		049850672C09F6BF00F2E137 /* SceneDelegate.swift */ = {isa = PBXFileReference; lastKnownFileType = sourcecode.swift; path = SceneDelegate.swift; sourceTree = "<group>"; };
		0498506E2C09F6C100F2E137 /* Assets.xcassets */ = {isa = PBXFileReference; lastKnownFileType = folder.assetcatalog; path = Assets.xcassets; sourceTree = "<group>"; };
		049850712C09F6C100F2E137 /* Base */ = {isa = PBXFileReference; lastKnownFileType = file.storyboard; name = Base; path = Base.lproj/LaunchScreen.storyboard; sourceTree = "<group>"; };
		049850732C09F6C100F2E137 /* Info.plist */ = {isa = PBXFileReference; lastKnownFileType = text.plist.xml; path = Info.plist; sourceTree = "<group>"; };
		0498507D2C09F76900F2E137 /* RemoteService.swift */ = {isa = PBXFileReference; lastKnownFileType = sourcecode.swift; path = RemoteService.swift; sourceTree = "<group>"; };
		049850822C09F78800F2E137 /* ProductModel.swift */ = {isa = PBXFileReference; lastKnownFileType = sourcecode.swift; path = ProductModel.swift; sourceTree = "<group>"; };
		049961242C0D721F00466BA3 /* AuthViewController.swift */ = {isa = PBXFileReference; lastKnownFileType = sourcecode.swift; path = AuthViewController.swift; sourceTree = "<group>"; };
		049961262C0D722000466BA3 /* AuthViewModel.swift */ = {isa = PBXFileReference; lastKnownFileType = sourcecode.swift; path = AuthViewModel.swift; sourceTree = "<group>"; };
		049961282C0D722000466BA3 /* AuthViewData.swift */ = {isa = PBXFileReference; lastKnownFileType = sourcecode.swift; path = AuthViewData.swift; sourceTree = "<group>"; };
		0499612A2C0D722000466BA3 /* AuthView.swift */ = {isa = PBXFileReference; lastKnownFileType = sourcecode.swift; path = AuthView.swift; sourceTree = "<group>"; };
		0499612C2C0D722100466BA3 /* AuthModel.swift */ = {isa = PBXFileReference; lastKnownFileType = sourcecode.swift; path = AuthModel.swift; sourceTree = "<group>"; };
		04B810BB2C1FF660005188D1 /* AddProductViewController.swift */ = {isa = PBXFileReference; lastKnownFileType = sourcecode.swift; path = AddProductViewController.swift; sourceTree = "<group>"; };
		04B810C22C21B526005188D1 /* CouponsViewController.swift */ = {isa = PBXFileReference; lastKnownFileType = sourcecode.swift; path = CouponsViewController.swift; sourceTree = "<group>"; };
		04B810C52C21B5C0005188D1 /* AddCouponsViewController.swift */ = {isa = PBXFileReference; lastKnownFileType = sourcecode.swift; path = AddCouponsViewController.swift; sourceTree = "<group>"; };
		04D134FB2C0A77D8001E27E7 /* TempCoordinator.swift */ = {isa = PBXFileReference; lastKnownFileType = sourcecode.swift; path = TempCoordinator.swift; sourceTree = "<group>"; };
		04D135032C0A77D9001E27E7 /* Controller.swift */ = {isa = PBXFileReference; lastKnownFileType = sourcecode.swift; path = Controller.swift; sourceTree = "<group>"; };
		04D135142C0A7838001E27E7 /* View.swift */ = {isa = PBXFileReference; lastKnownFileType = sourcecode.swift; path = View.swift; sourceTree = "<group>"; };
		04D135162C0A78B6001E27E7 /* HomeViewController.swift */ = {isa = PBXFileReference; lastKnownFileType = sourcecode.swift; path = HomeViewController.swift; sourceTree = "<group>"; };
		04D135172C0A78FB001E27E7 /* ViewModel.swift */ = {isa = PBXFileReference; lastKnownFileType = sourcecode.swift; path = ViewModel.swift; sourceTree = "<group>"; };
		04D135192C0A7930001E27E7 /* ViewData.swift */ = {isa = PBXFileReference; lastKnownFileType = sourcecode.swift; path = ViewData.swift; sourceTree = "<group>"; };
		04D1351C2C0A7964001E27E7 /* Model.swift */ = {isa = PBXFileReference; lastKnownFileType = sourcecode.swift; path = Model.swift; sourceTree = "<group>"; };
		04DAA0BA2C26261D005AF4F0 /* ViewModeling.swift */ = {isa = PBXFileReference; lastKnownFileType = sourcecode.swift; path = ViewModeling.swift; sourceTree = "<group>"; };
		04DAA0D32C269C26005AF4F0 /* SwiftCart AdminTests.xctest */ = {isa = PBXFileReference; explicitFileType = wrapper.cfbundle; includeInIndex = 0; path = "SwiftCart AdminTests.xctest"; sourceTree = BUILT_PRODUCTS_DIR; };
		04DAA0D52C269C26005AF4F0 /* SwiftCart_AdminTests.swift */ = {isa = PBXFileReference; lastKnownFileType = sourcecode.swift; path = SwiftCart_AdminTests.swift; sourceTree = "<group>"; };
		04DF829B2C2317A20046C3DD /* Constants.swift */ = {isa = PBXFileReference; lastKnownFileType = sourcecode.swift; path = Constants.swift; sourceTree = "<group>"; };
		04DF829D2C2318340046C3DD /* Util.swift */ = {isa = PBXFileReference; lastKnownFileType = sourcecode.swift; path = Util.swift; sourceTree = "<group>"; };
/* End PBXFileReference section */

/* Begin PBXFrameworksBuildPhase section */
		0498505F2C09F6BF00F2E137 /* Frameworks */ = {
			isa = PBXFrameworksBuildPhase;
			buildActionMask = 2147483647;
			files = (
				04DAA0C12C263A71005AF4F0 /* Kingfisher in Frameworks */,
				04001E612C0F3B1F00FB7030 /* Cosmos in Frameworks */,
				04DF82962C22449A0046C3DD /* RxAlamofire in Frameworks */,
				04DF82992C226C9C0046C3DD /* IQKeyboardManagerSwift in Frameworks */,
			);
			runOnlyForDeploymentPostprocessing = 0;
		};
		04DAA0D02C269C26005AF4F0 /* Frameworks */ = {
			isa = PBXFrameworksBuildPhase;
			buildActionMask = 2147483647;
			files = (
			);
			runOnlyForDeploymentPostprocessing = 0;
		};
/* End PBXFrameworksBuildPhase section */

/* Begin PBXGroup section */
		047199832C261801001FFFA6 /* ViewModel */ = {
			isa = PBXGroup;
			children = (
				047199842C26182C001FFFA6 /* ProductViewModel.swift */,
			);
			path = ViewModel;
			sourceTree = "<group>";
		};
		048E8E4F2C18818C0010C039 /* Products */ = {
			isa = PBXGroup;
			children = (
				04D134EF2C0A77D8001E27E7 /* HomeProduct */,
				048E8E502C1881B00010C039 /* AddProduct */,
				047199832C261801001FFFA6 /* ViewModel */,
			);
			path = Products;
			sourceTree = "<group>";
		};
		048E8E502C1881B00010C039 /* AddProduct */ = {
			isa = PBXGroup;
			children = (
				048E8E542C19469C0010C039 /* Views */,
				048E8E522C1882C30010C039 /* ViewControllers */,
			);
			path = AddProduct;
			sourceTree = "<group>";
		};
		048E8E522C1882C30010C039 /* ViewControllers */ = {
			isa = PBXGroup;
			children = (
				04B810BB2C1FF660005188D1 /* AddProductViewController.swift */,
			);
			path = ViewControllers;
			sourceTree = "<group>";
		};
		048E8E542C19469C0010C039 /* Views */ = {
			isa = PBXGroup;
			children = (
				048E8E552C1947040010C039 /* ProductImageCell.swift */,
				048E8E562C1947040010C039 /* ProductImageCell.xib */,
			);
			path = Views;
			sourceTree = "<group>";
		};
		049850592C09F6BF00F2E137 = {
			isa = PBXGroup;
			children = (
				049850642C09F6BF00F2E137 /* SwiftCart Admin */,
				04DAA0D42C269C26005AF4F0 /* SwiftCart AdminTests */,
				049850632C09F6BF00F2E137 /* Products */,
			);
			sourceTree = "<group>";
		};
		049850632C09F6BF00F2E137 /* Products */ = {
			isa = PBXGroup;
			children = (
				049850622C09F6BF00F2E137 /* SwiftCart Admin.app */,
				04DAA0D32C269C26005AF4F0 /* SwiftCart AdminTests.xctest */,
			);
			name = Products;
			sourceTree = "<group>";
		};
		049850642C09F6BF00F2E137 /* SwiftCart Admin */ = {
			isa = PBXGroup;
			children = (
				049850842C09F7A000F2E137 /* Scenes */,
				049850792C09F72800F2E137 /* Model */,
				049850652C09F6BF00F2E137 /* AppDelegate.swift */,
				049850672C09F6BF00F2E137 /* SceneDelegate.swift */,
				046C81022C1FE888009EE789 /* TempViewController.swift */,
				0498506E2C09F6C100F2E137 /* Assets.xcassets */,
				049850732C09F6C100F2E137 /* Info.plist */,
			);
			path = "SwiftCart Admin";
			sourceTree = "<group>";
		};
		049850792C09F72800F2E137 /* Model */ = {
			isa = PBXGroup;
			children = (
				04DF829A2C2317620046C3DD /* Utils */,
				0498507A2C09F73F00F2E137 /* Services */,
				049850812C09F77C00F2E137 /* Models */,
			);
			path = Model;
			sourceTree = "<group>";
		};
		0498507A2C09F73F00F2E137 /* Services */ = {
			isa = PBXGroup;
			children = (
				0498507C2C09F75400F2E137 /* Remote */,
			);
			path = Services;
			sourceTree = "<group>";
		};
		0498507C2C09F75400F2E137 /* Remote */ = {
			isa = PBXGroup;
			children = (
				0498507D2C09F76900F2E137 /* RemoteService.swift */,
			);
			path = Remote;
			sourceTree = "<group>";
		};
		049850812C09F77C00F2E137 /* Models */ = {
			isa = PBXGroup;
			children = (
				049850822C09F78800F2E137 /* ProductModel.swift */,
				047199812C255830001FFFA6 /* PriceRuleModel.swift */,
			);
			path = Models;
			sourceTree = "<group>";
		};
		049850842C09F7A000F2E137 /* Scenes */ = {
			isa = PBXGroup;
			children = (
				048FC06C2C0DB8C4003C293D /* Main.storyboard */,
				049850702C09F6C100F2E137 /* LaunchScreen.storyboard */,
				0420004B2C0A142D00356A03 /* Coordinator.swift */,
				04DAA0BA2C26261D005AF4F0 /* ViewModeling.swift */,
				0420004E2C0A6C7900356A03 /* AppCoordinator.swift */,
				049961212C0D71DE00466BA3 /* Autantication */,
				048E8E4F2C18818C0010C039 /* Products */,
				04B810BD2C21B490005188D1 /* Coupons */,
				049850852C09F7B500F2E137 /* Temp */,
			);
			path = Scenes;
			sourceTree = "<group>";
		};
		049850852C09F7B500F2E137 /* Temp */ = {
			isa = PBXGroup;
			children = (
				04D134FB2C0A77D8001E27E7 /* TempCoordinator.swift */,
				049850952C09F7F600F2E137 /* Views */,
				0498509B2C09F7F600F2E137 /* ViewControllers */,
				0498509D2C09F7F600F2E137 /* ViewModels */,
				049850992C09F7F600F2E137 /* ViewDatas */,
				049850972C09F7F600F2E137 /* Models */,
			);
			path = Temp;
			sourceTree = "<group>";
		};
		049850952C09F7F600F2E137 /* Views */ = {
			isa = PBXGroup;
			children = (
				04D135142C0A7838001E27E7 /* View.swift */,
			);
			path = Views;
			sourceTree = "<group>";
		};
		049850972C09F7F600F2E137 /* Models */ = {
			isa = PBXGroup;
			children = (
				04D1351C2C0A7964001E27E7 /* Model.swift */,
			);
			path = Models;
			sourceTree = "<group>";
		};
		049850992C09F7F600F2E137 /* ViewDatas */ = {
			isa = PBXGroup;
			children = (
				04D135192C0A7930001E27E7 /* ViewData.swift */,
			);
			path = ViewDatas;
			sourceTree = "<group>";
		};
		0498509B2C09F7F600F2E137 /* ViewControllers */ = {
			isa = PBXGroup;
			children = (
				04D135032C0A77D9001E27E7 /* Controller.swift */,
			);
			path = ViewControllers;
			sourceTree = "<group>";
		};
		0498509D2C09F7F600F2E137 /* ViewModels */ = {
			isa = PBXGroup;
			children = (
				04D135172C0A78FB001E27E7 /* ViewModel.swift */,
			);
			path = ViewModels;
			sourceTree = "<group>";
		};
		049961212C0D71DE00466BA3 /* Autantication */ = {
			isa = PBXGroup;
			children = (
				049961292C0D722000466BA3 /* Views */,
				049961232C0D721F00466BA3 /* ViewControllers */,
				049961252C0D721F00466BA3 /* ViewModels */,
				049961272C0D722000466BA3 /* ViewDatas */,
				0499612B2C0D722100466BA3 /* Models */,
			);
			path = Autantication;
			sourceTree = "<group>";
		};
		049961232C0D721F00466BA3 /* ViewControllers */ = {
			isa = PBXGroup;
			children = (
				049961242C0D721F00466BA3 /* AuthViewController.swift */,
			);
			path = ViewControllers;
			sourceTree = "<group>";
		};
		049961252C0D721F00466BA3 /* ViewModels */ = {
			isa = PBXGroup;
			children = (
				049961262C0D722000466BA3 /* AuthViewModel.swift */,
			);
			path = ViewModels;
			sourceTree = "<group>";
		};
		049961272C0D722000466BA3 /* ViewDatas */ = {
			isa = PBXGroup;
			children = (
				049961282C0D722000466BA3 /* AuthViewData.swift */,
			);
			path = ViewDatas;
			sourceTree = "<group>";
		};
		049961292C0D722000466BA3 /* Views */ = {
			isa = PBXGroup;
			children = (
				0499612A2C0D722000466BA3 /* AuthView.swift */,
			);
			path = Views;
			sourceTree = "<group>";
		};
		0499612B2C0D722100466BA3 /* Models */ = {
			isa = PBXGroup;
			children = (
				0499612C2C0D722100466BA3 /* AuthModel.swift */,
			);
			path = Models;
			sourceTree = "<group>";
		};
		04B810BD2C21B490005188D1 /* Coupons */ = {
			isa = PBXGroup;
			children = (
				04B810C02C21B4ED005188D1 /* AddCoupons */,
				04B810BE2C21B4D8005188D1 /* HomeCoupons */,
			);
			path = Coupons;
			sourceTree = "<group>";
		};
		04B810BE2C21B4D8005188D1 /* HomeCoupons */ = {
			isa = PBXGroup;
			children = (
				04B810C12C21B500005188D1 /* ViewControllers */,
			);
			path = HomeCoupons;
			sourceTree = "<group>";
		};
		04B810C02C21B4ED005188D1 /* AddCoupons */ = {
			isa = PBXGroup;
			children = (
				04B810C42C21B5A1005188D1 /* ViewControllers */,
			);
			path = AddCoupons;
			sourceTree = "<group>";
		};
		04B810C12C21B500005188D1 /* ViewControllers */ = {
			isa = PBXGroup;
			children = (
				04B810C22C21B526005188D1 /* CouponsViewController.swift */,
			);
			path = ViewControllers;
			sourceTree = "<group>";
		};
		04B810C42C21B5A1005188D1 /* ViewControllers */ = {
			isa = PBXGroup;
			children = (
				04B810C52C21B5C0005188D1 /* AddCouponsViewController.swift */,
			);
			path = ViewControllers;
			sourceTree = "<group>";
		};
		04D134EF2C0A77D8001E27E7 /* HomeProduct */ = {
			isa = PBXGroup;
			children = (
				04D135082C0A77DA001E27E7 /* Views */,
				04D135022C0A77D9001E27E7 /* ViewControllers */,
			);
			path = HomeProduct;
			sourceTree = "<group>";
		};
		04D135022C0A77D9001E27E7 /* ViewControllers */ = {
			isa = PBXGroup;
			children = (
				04D135162C0A78B6001E27E7 /* HomeViewController.swift */,
			);
			path = ViewControllers;
			sourceTree = "<group>";
		};
		04D135082C0A77DA001E27E7 /* Views */ = {
			isa = PBXGroup;
			children = (
				048F25ED2C134F33008C4978 /* HomeCollectionViewCell.swift */,
				048F25EE2C134F33008C4978 /* HomeCollectionViewCell.xib */,
			);
			path = Views;
			sourceTree = "<group>";
		};
		04DAA0D42C269C26005AF4F0 /* SwiftCart AdminTests */ = {
			isa = PBXGroup;
			children = (
				04DAA0D52C269C26005AF4F0 /* SwiftCart_AdminTests.swift */,
			);
			path = "SwiftCart AdminTests";
			sourceTree = "<group>";
		};
		04DF829A2C2317620046C3DD /* Utils */ = {
			isa = PBXGroup;
			children = (
				04DF829B2C2317A20046C3DD /* Constants.swift */,
				04DF829D2C2318340046C3DD /* Util.swift */,
			);
			path = Utils;
			sourceTree = "<group>";
		};
/* End PBXGroup section */

/* Begin PBXNativeTarget section */
		049850612C09F6BF00F2E137 /* SwiftCart Admin */ = {
			isa = PBXNativeTarget;
			buildConfigurationList = 049850762C09F6C100F2E137 /* Build configuration list for PBXNativeTarget "SwiftCart Admin" */;
			buildPhases = (
				0498505E2C09F6BF00F2E137 /* Sources */,
				0498505F2C09F6BF00F2E137 /* Frameworks */,
				049850602C09F6BF00F2E137 /* Resources */,
			);
			buildRules = (
			);
			dependencies = (
			);
			name = "SwiftCart Admin";
			packageProductDependencies = (
				04001E602C0F3B1F00FB7030 /* Cosmos */,
				04DF82952C22449A0046C3DD /* RxAlamofire */,
				04DF82982C226C9C0046C3DD /* IQKeyboardManagerSwift */,
				04DAA0C02C263A71005AF4F0 /* Kingfisher */,
			);
			productName = "SwiftCart Admin";
			productReference = 049850622C09F6BF00F2E137 /* SwiftCart Admin.app */;
			productType = "com.apple.product-type.application";
		};
		04DAA0D22C269C26005AF4F0 /* SwiftCart AdminTests */ = {
			isa = PBXNativeTarget;
			buildConfigurationList = 04DAA0D92C269C26005AF4F0 /* Build configuration list for PBXNativeTarget "SwiftCart AdminTests" */;
			buildPhases = (
				04DAA0CF2C269C26005AF4F0 /* Sources */,
				04DAA0D02C269C26005AF4F0 /* Frameworks */,
				04DAA0D12C269C26005AF4F0 /* Resources */,
			);
			buildRules = (
			);
			dependencies = (
				04DAA0D82C269C26005AF4F0 /* PBXTargetDependency */,
			);
			name = "SwiftCart AdminTests";
			productName = "SwiftCart AdminTests";
			productReference = 04DAA0D32C269C26005AF4F0 /* SwiftCart AdminTests.xctest */;
			productType = "com.apple.product-type.bundle.unit-test";
		};
/* End PBXNativeTarget section */

/* Begin PBXProject section */
		0498505A2C09F6BF00F2E137 /* Project object */ = {
			isa = PBXProject;
			attributes = {
				BuildIndependentTargetsInParallel = 1;
				LastSwiftUpdateCheck = 1520;
				LastUpgradeCheck = 1520;
				TargetAttributes = {
					049850612C09F6BF00F2E137 = {
						CreatedOnToolsVersion = 15.2;
					};
					04DAA0D22C269C26005AF4F0 = {
						CreatedOnToolsVersion = 15.2;
						TestTargetID = 049850612C09F6BF00F2E137;
					};
				};
			};
			buildConfigurationList = 0498505D2C09F6BF00F2E137 /* Build configuration list for PBXProject "SwiftCart Admin" */;
			compatibilityVersion = "Xcode 14.0";
			developmentRegion = en;
			hasScannedForEncodings = 0;
			knownRegions = (
				en,
				Base,
			);
			mainGroup = 049850592C09F6BF00F2E137;
			packageReferences = (
				04001E5F2C0F3B1F00FB7030 /* XCRemoteSwiftPackageReference "Cosmos" */,
				04DF82942C22449A0046C3DD /* XCRemoteSwiftPackageReference "RxAlamofire" */,
				04DF82972C226C9C0046C3DD /* XCRemoteSwiftPackageReference "IQKeyboardManager" */,
				04DAA0BF2C263A71005AF4F0 /* XCRemoteSwiftPackageReference "Kingfisher" */,
			);
			productRefGroup = 049850632C09F6BF00F2E137 /* Products */;
			projectDirPath = "";
			projectRoot = "";
			targets = (
				049850612C09F6BF00F2E137 /* SwiftCart Admin */,
				04DAA0D22C269C26005AF4F0 /* SwiftCart AdminTests */,
			);
		};
/* End PBXProject section */

/* Begin PBXResourcesBuildPhase section */
		049850602C09F6BF00F2E137 /* Resources */ = {
			isa = PBXResourcesBuildPhase;
			buildActionMask = 2147483647;
			files = (
				048FC06D2C0DB8C4003C293D /* Main.storyboard in Resources */,
				049850722C09F6C100F2E137 /* LaunchScreen.storyboard in Resources */,
				0498506F2C09F6C100F2E137 /* Assets.xcassets in Resources */,
				048E8E582C1947040010C039 /* ProductImageCell.xib in Resources */,
				048F25F02C134F33008C4978 /* HomeCollectionViewCell.xib in Resources */,
			);
			runOnlyForDeploymentPostprocessing = 0;
		};
		04DAA0D12C269C26005AF4F0 /* Resources */ = {
			isa = PBXResourcesBuildPhase;
			buildActionMask = 2147483647;
			files = (
			);
			runOnlyForDeploymentPostprocessing = 0;
		};
/* End PBXResourcesBuildPhase section */

/* Begin PBXSourcesBuildPhase section */
		0498505E2C09F6BF00F2E137 /* Sources */ = {
			isa = PBXSourcesBuildPhase;
			buildActionMask = 2147483647;
			files = (
				047199822C255830001FFFA6 /* PriceRuleModel.swift in Sources */,
				04DF829E2C2318340046C3DD /* Util.swift in Sources */,
				04DF829C2C2317A20046C3DD /* Constants.swift in Sources */,
				049850662C09F6BF00F2E137 /* AppDelegate.swift in Sources */,
				04B810C32C21B526005188D1 /* CouponsViewController.swift in Sources */,
				049850832C09F78800F2E137 /* ProductModel.swift in Sources */,
				04D1350E2C0A77DA001E27E7 /* TempCoordinator.swift in Sources */,
				04DAA0BB2C26261D005AF4F0 /* ViewModeling.swift in Sources */,
				0420004F2C0A6C7900356A03 /* AppCoordinator.swift in Sources */,
				048E8E572C1947040010C039 /* ProductImageCell.swift in Sources */,
				046C81032C1FE888009EE789 /* TempViewController.swift in Sources */,
				04B810C62C21B5C0005188D1 /* AddCouponsViewController.swift in Sources */,
				048FC06A2C0DB2DA003C293D /* AuthViewController.swift in Sources */,
				04B810BC2C1FF660005188D1 /* AddProductViewController.swift in Sources */,
				047199852C26182C001FFFA6 /* ProductViewModel.swift in Sources */,
				049850682C09F6BF00F2E137 /* SceneDelegate.swift in Sources */,
				0498507E2C09F76900F2E137 /* RemoteService.swift in Sources */,
				0420004C2C0A142D00356A03 /* Coordinator.swift in Sources */,
				0480C8622C0D369A00629C35 /* HomeViewController.swift in Sources */,
				048F25EF2C134F33008C4978 /* HomeCollectionViewCell.swift in Sources */,
			);
			runOnlyForDeploymentPostprocessing = 0;
		};
		04DAA0CF2C269C26005AF4F0 /* Sources */ = {
			isa = PBXSourcesBuildPhase;
			buildActionMask = 2147483647;
			files = (
				04DAA0D62C269C26005AF4F0 /* SwiftCart_AdminTests.swift in Sources */,
			);
			runOnlyForDeploymentPostprocessing = 0;
		};
/* End PBXSourcesBuildPhase section */

/* Begin PBXTargetDependency section */
		04DAA0D82C269C26005AF4F0 /* PBXTargetDependency */ = {
			isa = PBXTargetDependency;
			target = 049850612C09F6BF00F2E137 /* SwiftCart Admin */;
			targetProxy = 04DAA0D72C269C26005AF4F0 /* PBXContainerItemProxy */;
		};
/* End PBXTargetDependency section */

/* Begin PBXVariantGroup section */
		049850702C09F6C100F2E137 /* LaunchScreen.storyboard */ = {
			isa = PBXVariantGroup;
			children = (
				049850712C09F6C100F2E137 /* Base */,
			);
			name = LaunchScreen.storyboard;
			sourceTree = "<group>";
		};
/* End PBXVariantGroup section */

/* Begin XCBuildConfiguration section */
		049850742C09F6C100F2E137 /* Debug */ = {
			isa = XCBuildConfiguration;
			buildSettings = {
				ALWAYS_SEARCH_USER_PATHS = NO;
				ASSETCATALOG_COMPILER_GENERATE_SWIFT_ASSET_SYMBOL_EXTENSIONS = YES;
				CLANG_ANALYZER_NONNULL = YES;
				CLANG_ANALYZER_NUMBER_OBJECT_CONVERSION = YES_AGGRESSIVE;
				CLANG_CXX_LANGUAGE_STANDARD = "gnu++20";
				CLANG_ENABLE_MODULES = YES;
				CLANG_ENABLE_OBJC_ARC = YES;
				CLANG_ENABLE_OBJC_WEAK = YES;
				CLANG_WARN_BLOCK_CAPTURE_AUTORELEASING = YES;
				CLANG_WARN_BOOL_CONVERSION = YES;
				CLANG_WARN_COMMA = YES;
				CLANG_WARN_CONSTANT_CONVERSION = YES;
				CLANG_WARN_DEPRECATED_OBJC_IMPLEMENTATIONS = YES;
				CLANG_WARN_DIRECT_OBJC_ISA_USAGE = YES_ERROR;
				CLANG_WARN_DOCUMENTATION_COMMENTS = YES;
				CLANG_WARN_EMPTY_BODY = YES;
				CLANG_WARN_ENUM_CONVERSION = YES;
				CLANG_WARN_INFINITE_RECURSION = YES;
				CLANG_WARN_INT_CONVERSION = YES;
				CLANG_WARN_NON_LITERAL_NULL_CONVERSION = YES;
				CLANG_WARN_OBJC_IMPLICIT_RETAIN_SELF = YES;
				CLANG_WARN_OBJC_LITERAL_CONVERSION = YES;
				CLANG_WARN_OBJC_ROOT_CLASS = YES_ERROR;
				CLANG_WARN_QUOTED_INCLUDE_IN_FRAMEWORK_HEADER = YES;
				CLANG_WARN_RANGE_LOOP_ANALYSIS = YES;
				CLANG_WARN_STRICT_PROTOTYPES = YES;
				CLANG_WARN_SUSPICIOUS_MOVE = YES;
				CLANG_WARN_UNGUARDED_AVAILABILITY = YES_AGGRESSIVE;
				CLANG_WARN_UNREACHABLE_CODE = YES;
				CLANG_WARN__DUPLICATE_METHOD_MATCH = YES;
				COPY_PHASE_STRIP = NO;
				DEBUG_INFORMATION_FORMAT = dwarf;
				ENABLE_STRICT_OBJC_MSGSEND = YES;
				ENABLE_TESTABILITY = YES;
				ENABLE_USER_SCRIPT_SANDBOXING = YES;
				GCC_C_LANGUAGE_STANDARD = gnu17;
				GCC_DYNAMIC_NO_PIC = NO;
				GCC_NO_COMMON_BLOCKS = YES;
				GCC_OPTIMIZATION_LEVEL = 0;
				GCC_PREPROCESSOR_DEFINITIONS = (
					"DEBUG=1",
					"$(inherited)",
				);
				GCC_WARN_64_TO_32_BIT_CONVERSION = YES;
				GCC_WARN_ABOUT_RETURN_TYPE = YES_ERROR;
				GCC_WARN_UNDECLARED_SELECTOR = YES;
				GCC_WARN_UNINITIALIZED_AUTOS = YES_AGGRESSIVE;
				GCC_WARN_UNUSED_FUNCTION = YES;
				GCC_WARN_UNUSED_VARIABLE = YES;
				IPHONEOS_DEPLOYMENT_TARGET = 17.2;
				LOCALIZATION_PREFERS_STRING_CATALOGS = YES;
				MTL_ENABLE_DEBUG_INFO = INCLUDE_SOURCE;
				MTL_FAST_MATH = YES;
				ONLY_ACTIVE_ARCH = YES;
				SDKROOT = iphoneos;
				SWIFT_ACTIVE_COMPILATION_CONDITIONS = "DEBUG $(inherited)";
				SWIFT_OPTIMIZATION_LEVEL = "-Onone";
			};
			name = Debug;
		};
		049850752C09F6C100F2E137 /* Release */ = {
			isa = XCBuildConfiguration;
			buildSettings = {
				ALWAYS_SEARCH_USER_PATHS = NO;
				ASSETCATALOG_COMPILER_GENERATE_SWIFT_ASSET_SYMBOL_EXTENSIONS = YES;
				CLANG_ANALYZER_NONNULL = YES;
				CLANG_ANALYZER_NUMBER_OBJECT_CONVERSION = YES_AGGRESSIVE;
				CLANG_CXX_LANGUAGE_STANDARD = "gnu++20";
				CLANG_ENABLE_MODULES = YES;
				CLANG_ENABLE_OBJC_ARC = YES;
				CLANG_ENABLE_OBJC_WEAK = YES;
				CLANG_WARN_BLOCK_CAPTURE_AUTORELEASING = YES;
				CLANG_WARN_BOOL_CONVERSION = YES;
				CLANG_WARN_COMMA = YES;
				CLANG_WARN_CONSTANT_CONVERSION = YES;
				CLANG_WARN_DEPRECATED_OBJC_IMPLEMENTATIONS = YES;
				CLANG_WARN_DIRECT_OBJC_ISA_USAGE = YES_ERROR;
				CLANG_WARN_DOCUMENTATION_COMMENTS = YES;
				CLANG_WARN_EMPTY_BODY = YES;
				CLANG_WARN_ENUM_CONVERSION = YES;
				CLANG_WARN_INFINITE_RECURSION = YES;
				CLANG_WARN_INT_CONVERSION = YES;
				CLANG_WARN_NON_LITERAL_NULL_CONVERSION = YES;
				CLANG_WARN_OBJC_IMPLICIT_RETAIN_SELF = YES;
				CLANG_WARN_OBJC_LITERAL_CONVERSION = YES;
				CLANG_WARN_OBJC_ROOT_CLASS = YES_ERROR;
				CLANG_WARN_QUOTED_INCLUDE_IN_FRAMEWORK_HEADER = YES;
				CLANG_WARN_RANGE_LOOP_ANALYSIS = YES;
				CLANG_WARN_STRICT_PROTOTYPES = YES;
				CLANG_WARN_SUSPICIOUS_MOVE = YES;
				CLANG_WARN_UNGUARDED_AVAILABILITY = YES_AGGRESSIVE;
				CLANG_WARN_UNREACHABLE_CODE = YES;
				CLANG_WARN__DUPLICATE_METHOD_MATCH = YES;
				COPY_PHASE_STRIP = NO;
				DEBUG_INFORMATION_FORMAT = "dwarf-with-dsym";
				ENABLE_NS_ASSERTIONS = NO;
				ENABLE_STRICT_OBJC_MSGSEND = YES;
				ENABLE_USER_SCRIPT_SANDBOXING = YES;
				GCC_C_LANGUAGE_STANDARD = gnu17;
				GCC_NO_COMMON_BLOCKS = YES;
				GCC_WARN_64_TO_32_BIT_CONVERSION = YES;
				GCC_WARN_ABOUT_RETURN_TYPE = YES_ERROR;
				GCC_WARN_UNDECLARED_SELECTOR = YES;
				GCC_WARN_UNINITIALIZED_AUTOS = YES_AGGRESSIVE;
				GCC_WARN_UNUSED_FUNCTION = YES;
				GCC_WARN_UNUSED_VARIABLE = YES;
				IPHONEOS_DEPLOYMENT_TARGET = 17.2;
				LOCALIZATION_PREFERS_STRING_CATALOGS = YES;
				MTL_ENABLE_DEBUG_INFO = NO;
				MTL_FAST_MATH = YES;
				SDKROOT = iphoneos;
				SWIFT_COMPILATION_MODE = wholemodule;
				VALIDATE_PRODUCT = YES;
			};
			name = Release;
		};
		049850772C09F6C100F2E137 /* Debug */ = {
			isa = XCBuildConfiguration;
			buildSettings = {
				ASSETCATALOG_COMPILER_APPICON_NAME = AppIcon;
				ASSETCATALOG_COMPILER_GLOBAL_ACCENT_COLOR_NAME = AccentColor;
				CODE_SIGN_STYLE = Automatic;
				CURRENT_PROJECT_VERSION = 1;
				GENERATE_INFOPLIST_FILE = YES;
				INFOPLIST_FILE = "SwiftCart Admin/Info.plist";
				INFOPLIST_KEY_UIApplicationSupportsIndirectInputEvents = YES;
				INFOPLIST_KEY_UILaunchStoryboardName = LaunchScreen;
				INFOPLIST_KEY_UISupportedInterfaceOrientations_iPad = "UIInterfaceOrientationPortrait UIInterfaceOrientationPortraitUpsideDown UIInterfaceOrientationLandscapeLeft UIInterfaceOrientationLandscapeRight";
				INFOPLIST_KEY_UISupportedInterfaceOrientations_iPhone = "UIInterfaceOrientationPortrait UIInterfaceOrientationLandscapeLeft UIInterfaceOrientationLandscapeRight";
				LD_RUNPATH_SEARCH_PATHS = (
					"$(inherited)",
					"@executable_path/Frameworks",
				);
				MARKETING_VERSION = 1.0;
				PRODUCT_BUNDLE_IDENTIFIER = "iTi.SwiftCart-Admin";
				PRODUCT_NAME = "$(TARGET_NAME)";
				SWIFT_EMIT_LOC_STRINGS = YES;
				SWIFT_VERSION = 5.0;
				TARGETED_DEVICE_FAMILY = "1,2";
			};
			name = Debug;
		};
		049850782C09F6C100F2E137 /* Release */ = {
			isa = XCBuildConfiguration;
			buildSettings = {
				ASSETCATALOG_COMPILER_APPICON_NAME = AppIcon;
				ASSETCATALOG_COMPILER_GLOBAL_ACCENT_COLOR_NAME = AccentColor;
				CODE_SIGN_STYLE = Automatic;
				CURRENT_PROJECT_VERSION = 1;
				GENERATE_INFOPLIST_FILE = YES;
				INFOPLIST_FILE = "SwiftCart Admin/Info.plist";
				INFOPLIST_KEY_UIApplicationSupportsIndirectInputEvents = YES;
				INFOPLIST_KEY_UILaunchStoryboardName = LaunchScreen;
				INFOPLIST_KEY_UISupportedInterfaceOrientations_iPad = "UIInterfaceOrientationPortrait UIInterfaceOrientationPortraitUpsideDown UIInterfaceOrientationLandscapeLeft UIInterfaceOrientationLandscapeRight";
				INFOPLIST_KEY_UISupportedInterfaceOrientations_iPhone = "UIInterfaceOrientationPortrait UIInterfaceOrientationLandscapeLeft UIInterfaceOrientationLandscapeRight";
				LD_RUNPATH_SEARCH_PATHS = (
					"$(inherited)",
					"@executable_path/Frameworks",
				);
				MARKETING_VERSION = 1.0;
				PRODUCT_BUNDLE_IDENTIFIER = "iTi.SwiftCart-Admin";
				PRODUCT_NAME = "$(TARGET_NAME)";
				SWIFT_EMIT_LOC_STRINGS = YES;
				SWIFT_VERSION = 5.0;
				TARGETED_DEVICE_FAMILY = "1,2";
			};
			name = Release;
		};
		04DAA0DA2C269C26005AF4F0 /* Debug */ = {
			isa = XCBuildConfiguration;
			buildSettings = {
				BUNDLE_LOADER = "$(TEST_HOST)";
				CODE_SIGN_STYLE = Automatic;
				CURRENT_PROJECT_VERSION = 1;
				GENERATE_INFOPLIST_FILE = YES;
				IPHONEOS_DEPLOYMENT_TARGET = 17.2;
				MACOSX_DEPLOYMENT_TARGET = 13.6;
				MARKETING_VERSION = 1.0;
				PRODUCT_BUNDLE_IDENTIFIER = "iTi.SwiftCart-AdminTests";
				PRODUCT_NAME = "$(TARGET_NAME)";
				SDKROOT = auto;
				SUPPORTED_PLATFORMS = "iphoneos iphonesimulator macosx";
				SWIFT_EMIT_LOC_STRINGS = NO;
				SWIFT_VERSION = 5.0;
				TARGETED_DEVICE_FAMILY = "1,2";
				TEST_HOST = "$(BUILT_PRODUCTS_DIR)/SwiftCart Admin.app/$(BUNDLE_EXECUTABLE_FOLDER_PATH)/SwiftCart Admin";
			};
			name = Debug;
		};
		04DAA0DB2C269C26005AF4F0 /* Release */ = {
			isa = XCBuildConfiguration;
			buildSettings = {
				BUNDLE_LOADER = "$(TEST_HOST)";
				CODE_SIGN_STYLE = Automatic;
				CURRENT_PROJECT_VERSION = 1;
				GENERATE_INFOPLIST_FILE = YES;
				IPHONEOS_DEPLOYMENT_TARGET = 17.2;
				MACOSX_DEPLOYMENT_TARGET = 13.6;
				MARKETING_VERSION = 1.0;
				PRODUCT_BUNDLE_IDENTIFIER = "iTi.SwiftCart-AdminTests";
				PRODUCT_NAME = "$(TARGET_NAME)";
				SDKROOT = auto;
				SUPPORTED_PLATFORMS = "iphoneos iphonesimulator macosx";
				SWIFT_EMIT_LOC_STRINGS = NO;
				SWIFT_VERSION = 5.0;
				TARGETED_DEVICE_FAMILY = "1,2";
				TEST_HOST = "$(BUILT_PRODUCTS_DIR)/SwiftCart Admin.app/$(BUNDLE_EXECUTABLE_FOLDER_PATH)/SwiftCart Admin";
			};
			name = Release;
		};
/* End XCBuildConfiguration section */

/* Begin XCConfigurationList section */
		0498505D2C09F6BF00F2E137 /* Build configuration list for PBXProject "SwiftCart Admin" */ = {
			isa = XCConfigurationList;
			buildConfigurations = (
				049850742C09F6C100F2E137 /* Debug */,
				049850752C09F6C100F2E137 /* Release */,
			);
			defaultConfigurationIsVisible = 0;
			defaultConfigurationName = Release;
		};
		049850762C09F6C100F2E137 /* Build configuration list for PBXNativeTarget "SwiftCart Admin" */ = {
			isa = XCConfigurationList;
			buildConfigurations = (
				049850772C09F6C100F2E137 /* Debug */,
				049850782C09F6C100F2E137 /* Release */,
			);
			defaultConfigurationIsVisible = 0;
			defaultConfigurationName = Release;
		};
		04DAA0D92C269C26005AF4F0 /* Build configuration list for PBXNativeTarget "SwiftCart AdminTests" */ = {
			isa = XCConfigurationList;
			buildConfigurations = (
				04DAA0DA2C269C26005AF4F0 /* Debug */,
				04DAA0DB2C269C26005AF4F0 /* Release */,
			);
			defaultConfigurationIsVisible = 0;
			defaultConfigurationName = Release;
		};
/* End XCConfigurationList section */

/* Begin XCRemoteSwiftPackageReference section */
		04001E5F2C0F3B1F00FB7030 /* XCRemoteSwiftPackageReference "Cosmos" */ = {
			isa = XCRemoteSwiftPackageReference;
			repositoryURL = "https://github.com/evgenyneu/Cosmos.git";
			requirement = {
				kind = upToNextMajorVersion;
				minimumVersion = 25.0.1;
			};
		};
		04DAA0BF2C263A71005AF4F0 /* XCRemoteSwiftPackageReference "Kingfisher" */ = {
			isa = XCRemoteSwiftPackageReference;
			repositoryURL = "https://github.com/onevcat/Kingfisher.git";
			requirement = {
				kind = upToNextMajorVersion;
				minimumVersion = 7.12.0;
			};
		};
		04DF82942C22449A0046C3DD /* XCRemoteSwiftPackageReference "RxAlamofire" */ = {
			isa = XCRemoteSwiftPackageReference;
			repositoryURL = "https://github.com/RxSwiftCommunity/RxAlamofire";
			requirement = {
				kind = upToNextMajorVersion;
				minimumVersion = 5.2.0;
			};
		};
		04DF82972C226C9C0046C3DD /* XCRemoteSwiftPackageReference "IQKeyboardManager" */ = {
			isa = XCRemoteSwiftPackageReference;
			repositoryURL = "https://github.com/hackiftekhar/IQKeyboardManager.git";
			requirement = {
				kind = upToNextMajorVersion;
				minimumVersion = 7.0.3;
			};
		};
/* End XCRemoteSwiftPackageReference section */

/* Begin XCSwiftPackageProductDependency section */
		04001E602C0F3B1F00FB7030 /* Cosmos */ = {
			isa = XCSwiftPackageProductDependency;
			package = 04001E5F2C0F3B1F00FB7030 /* XCRemoteSwiftPackageReference "Cosmos" */;
			productName = Cosmos;
		};
		04DAA0C02C263A71005AF4F0 /* Kingfisher */ = {
			isa = XCSwiftPackageProductDependency;
			package = 04DAA0BF2C263A71005AF4F0 /* XCRemoteSwiftPackageReference "Kingfisher" */;
			productName = Kingfisher;
		};
		04DF82952C22449A0046C3DD /* RxAlamofire */ = {
			isa = XCSwiftPackageProductDependency;
			package = 04DF82942C22449A0046C3DD /* XCRemoteSwiftPackageReference "RxAlamofire" */;
			productName = RxAlamofire;
		};
		04DF82982C226C9C0046C3DD /* IQKeyboardManagerSwift */ = {
			isa = XCSwiftPackageProductDependency;
			package = 04DF82972C226C9C0046C3DD /* XCRemoteSwiftPackageReference "IQKeyboardManager" */;
			productName = IQKeyboardManagerSwift;
		};
/* End XCSwiftPackageProductDependency section */
	};
	rootObject = 0498505A2C09F6BF00F2E137 /* Project object */;
}
